
Microsoft Visual Studio Solution File, Format Version 12.00
# Visual Studio Version 16
VisualStudioVersion = 25.0.1706.10
MinimumVisualStudioVersion = 10.0.40219.1
Project("{FAE04EC0-301F-11D3-BF4B-00C04F79EFBC}") = "AsynchronousFileReader", "AsynchronousFileReader\AsynchronousFileReader.csproj", "{6D45F2A2-EC97-4AD1-88AB-BE9F854CF56D}"
EndProject
Global
	GlobalSection(SolutionConfigurationPlatforms) = preSolution
		Debug|Any CPU = Debug|Any CPU
		Release|Any CPU = Release|Any CPU
	EndGlobalSection
	GlobalSection(ProjectConfigurationPlatforms) = postSolution
		{6D45F2A2-EC97-4AD1-88AB-BE9F854CF56D}.Debug|Any CPU.ActiveCfg = Debug|Any CPU
		{6D45F2A2-EC97-4AD1-88AB-BE9F854CF56D}.Debug|Any CPU.Build.0 = Debug|Any CPU
		{6D45F2A2-EC97-4AD1-88AB-BE9F854CF56D}.Release|Any CPU.ActiveCfg = Release|Any CPU
		{6D45F2A2-EC97-4AD1-88AB-BE9F854CF56D}.Release|Any CPU.Build.0 = Release|Any CPU
	EndGlobalSection
	GlobalSection(SolutionProperties) = preSolution
		HideSolutionNode = FALSE
	EndGlobalSection
	GlobalSection(ExtensibilityGlobals) = postSolution
		SolutionGuid = {49F63BB1-B21F-4777-81FB-05B126817EF8}
	EndGlobalSection
EndGlobal
