
Microsoft Visual Studio Solution File, Format Version 12.00
# Visual Studio Version 17
VisualStudioVersion = 17.5.002.0
MinimumVisualStudioVersion = 10.0.40219.1
Project("{9A19103F-16F7-4668-BE54-9A1E7A4F7556}") = "BookClient", "BookClient\BookClient.csproj", "{B749B171-B5DE-4AC1-BD5D-F18686CF9990}"
EndProject
Global
	GlobalSection(SolutionConfigurationPlatforms) = preSolution
		Debug|Any CPU = Debug|Any CPU
		Release|Any CPU = Release|Any CPU
	EndGlobalSection
	GlobalSection(ProjectConfigurationPlatforms) = postSolution
		{B749B171-B5DE-4AC1-BD5D-F18686CF9990}.Debug|Any CPU.ActiveCfg = Debug|Any CPU
		{B749B171-B5DE-4AC1-BD5D-F18686CF9990}.Debug|Any CPU.Build.0 = Debug|Any CPU
		{B749B171-B5DE-4AC1-BD5D-F18686CF9990}.Release|Any CPU.ActiveCfg = Release|Any CPU
		{B749B171-B5DE-4AC1-BD5D-F18686CF9990}.Release|Any CPU.Build.0 = Release|Any CPU
	EndGlobalSection
	GlobalSection(SolutionProperties) = preSolution
		HideSolutionNode = FALSE
	EndGlobalSection
	GlobalSection(ExtensibilityGlobals) = postSolution
		SolutionGuid = {F5D832B9-C919-4FE6-BA0C-898E6274BA04}
	EndGlobalSection
EndGlobal
