
Microsoft Visual Studio Solution File, Format Version 12.00
# Visual Studio Version 17
VisualStudioVersion = 17.9.34723.18
MinimumVisualStudioVersion = 10.0.40219.1
Project("{FAE04EC0-301F-11D3-BF4B-00C04F79EFBC}") = "WebFrontEnd", "WebFrontEnd\WebFrontEnd.csproj", "{671E9793-5025-4C88-8A72-147D3EF7EB33}"
EndProject
Project("{FAE04EC0-301F-11D3-BF4B-00C04F79EFBC}") = "WebAPI", "WebAPI\WebAPI.csproj", "{0EDF019B-5FB4-419F-A3A6-CA744C39EBEA}"
EndProject
Project("{E53339B2-1760-4266-BCC7-CA923CBCF16C}") = "docker-compose", "docker-compose.dcproj", "{AC92F8B0-46E4-41B2-BA6C-3284802A1C55}"
EndProject
Global
	GlobalSection(SolutionConfigurationPlatforms) = preSolution
		Debug|Any CPU = Debug|Any CPU
		Release|Any CPU = Release|Any CPU
	EndGlobalSection
	GlobalSection(ProjectConfigurationPlatforms) = postSolution
		{671E9793-5025-4C88-8A72-147D3EF7EB33}.Debug|Any CPU.ActiveCfg = Debug|Any CPU
		{671E9793-5025-4C88-8A72-147D3EF7EB33}.Debug|Any CPU.Build.0 = Debug|Any CPU
		{671E9793-5025-4C88-8A72-147D3EF7EB33}.Release|Any CPU.ActiveCfg = Release|Any CPU
		{671E9793-5025-4C88-8A72-147D3EF7EB33}.Release|Any CPU.Build.0 = Release|Any CPU
		{0EDF019B-5FB4-419F-A3A6-CA744C39EBEA}.Debug|Any CPU.ActiveCfg = Debug|Any CPU
		{0EDF019B-5FB4-419F-A3A6-CA744C39EBEA}.Debug|Any CPU.Build.0 = Debug|Any CPU
		{0EDF019B-5FB4-419F-A3A6-CA744C39EBEA}.Release|Any CPU.ActiveCfg = Release|Any CPU
		{0EDF019B-5FB4-419F-A3A6-CA744C39EBEA}.Release|Any CPU.Build.0 = Release|Any CPU
		{AC92F8B0-46E4-41B2-BA6C-3284802A1C55}.Debug|Any CPU.ActiveCfg = Debug|Any CPU
		{AC92F8B0-46E4-41B2-BA6C-3284802A1C55}.Debug|Any CPU.Build.0 = Debug|Any CPU
		{AC92F8B0-46E4-41B2-BA6C-3284802A1C55}.Release|Any CPU.ActiveCfg = Release|Any CPU
		{AC92F8B0-46E4-41B2-BA6C-3284802A1C55}.Release|Any CPU.Build.0 = Release|Any CPU
	EndGlobalSection
	GlobalSection(SolutionProperties) = preSolution
		HideSolutionNode = FALSE
	EndGlobalSection
	GlobalSection(ExtensibilityGlobals) = postSolution
		SolutionGuid = {858B6697-A428-4DFB-95DD-027B21283B28}
	EndGlobalSection
EndGlobal
