
Microsoft Visual Studio Solution File, Format Version 12.00
# Visual Studio Version 16
VisualStudioVersion = 25.0.1706.10
MinimumVisualStudioVersion = 10.0.40219.1
Project("{FAE04EC0-301F-11D3-BF4B-00C04F79EFBC}") = "DataflowExample", "DataflowExample\DataflowExample.csproj", "{1778B3E0-65AF-4055-8EEB-A8A24E86C927}"
EndProject
Global
	GlobalSection(SolutionConfigurationPlatforms) = preSolution
		Debug|Any CPU = Debug|Any CPU
		Release|Any CPU = Release|Any CPU
	EndGlobalSection
	GlobalSection(ProjectConfigurationPlatforms) = postSolution
		{1778B3E0-65AF-4055-8EEB-A8A24E86C927}.Debug|Any CPU.ActiveCfg = Debug|Any CPU
		{1778B3E0-65AF-4055-8EEB-A8A24E86C927}.Debug|Any CPU.Build.0 = Debug|Any CPU
		{1778B3E0-65AF-4055-8EEB-A8A24E86C927}.Release|Any CPU.ActiveCfg = Release|Any CPU
		{1778B3E0-65AF-4055-8EEB-A8A24E86C927}.Release|Any CPU.Build.0 = Release|Any CPU
	EndGlobalSection
	GlobalSection(SolutionProperties) = preSolution
		HideSolutionNode = FALSE
	EndGlobalSection
	GlobalSection(ExtensibilityGlobals) = postSolution
		SolutionGuid = {7AF5CBEB-9C10-4053-87DF-2E4EBC4446A5}
	EndGlobalSection
EndGlobal
