
Microsoft Visual Studio Solution File, Format Version 12.00
# Visual Studio Version 16
VisualStudioVersion = 25.0.1706.10
MinimumVisualStudioVersion = 10.0.40219.1
Project("{FAE04EC0-301F-11D3-BF4B-00C04F79EFBC}") = "NET-Core-Web-API-Docker-Demo", "NET-Core-Web-API-Docker-Demo\NET-Core-Web-API-Docker-Demo.csproj", "{66BF687F-1F71-4203-888D-3A5F327A17F1}"
EndProject
Project("{E53339B2-1760-4266-BCC7-CA923CBCF16C}") = "docker-compose", "docker-compose.dcproj", "{B41BB3A4-2343-49DF-BF5E-681876827A7E}"
EndProject
Global
	GlobalSection(SolutionConfigurationPlatforms) = preSolution
		Debug|Any CPU = Debug|Any CPU
		Release|Any CPU = Release|Any CPU
	EndGlobalSection
	GlobalSection(ProjectConfigurationPlatforms) = postSolution
		{66BF687F-1F71-4203-888D-3A5F327A17F1}.Debug|Any CPU.ActiveCfg = Debug|Any CPU
		{66BF687F-1F71-4203-888D-3A5F327A17F1}.Debug|Any CPU.Build.0 = Debug|Any CPU
		{66BF687F-1F71-4203-888D-3A5F327A17F1}.Release|Any CPU.ActiveCfg = Release|Any CPU
		{66BF687F-1F71-4203-888D-3A5F327A17F1}.Release|Any CPU.Build.0 = Release|Any CPU
		{B41BB3A4-2343-49DF-BF5E-681876827A7E}.Debug|Any CPU.ActiveCfg = Debug|Any CPU
		{B41BB3A4-2343-49DF-BF5E-681876827A7E}.Debug|Any CPU.Build.0 = Debug|Any CPU
		{B41BB3A4-2343-49DF-BF5E-681876827A7E}.Release|Any CPU.ActiveCfg = Release|Any CPU
		{B41BB3A4-2343-49DF-BF5E-681876827A7E}.Release|Any CPU.Build.0 = Release|Any CPU
	EndGlobalSection
	GlobalSection(SolutionProperties) = preSolution
		HideSolutionNode = FALSE
	EndGlobalSection
	GlobalSection(ExtensibilityGlobals) = postSolution
		SolutionGuid = {A02DE60C-10CB-40D9-99B7-20AA08C6C562}
	EndGlobalSection
EndGlobal
