
Microsoft Visual Studio Solution File, Format Version 12.00
# Visual Studio Version 17
VisualStudioVersion = 17.9.34723.18
MinimumVisualStudioVersion = 10.0.40219.1
Project("{FAE04EC0-301F-11D3-BF4B-00C04F79EFBC}") = "WebFrontEnd", "WebFrontEnd\WebFrontEnd.csproj", "{9A8FDD08-B42E-4B1F-8F4D-3CEAE8262ADB}"
EndProject
Project("{FAE04EC0-301F-11D3-BF4B-00C04F79EFBC}") = "WebAPI", "WebAPI\WebAPI.csproj", "{43079D0A-9B86-4C08-984D-5C3731A791BE}"
EndProject
Project("{E53339B2-1760-4266-BCC7-CA923CBCF16C}") = "docker-compose", "docker-compose.dcproj", "{C974CCDB-1F02-4A3F-A7BB-261E593AF293}"
EndProject
Global
	GlobalSection(SolutionConfigurationPlatforms) = preSolution
		Debug|Any CPU = Debug|Any CPU
		Release|Any CPU = Release|Any CPU
	EndGlobalSection
	GlobalSection(ProjectConfigurationPlatforms) = postSolution
		{9A8FDD08-B42E-4B1F-8F4D-3CEAE8262ADB}.Debug|Any CPU.ActiveCfg = Debug|Any CPU
		{9A8FDD08-B42E-4B1F-8F4D-3CEAE8262ADB}.Debug|Any CPU.Build.0 = Debug|Any CPU
		{9A8FDD08-B42E-4B1F-8F4D-3CEAE8262ADB}.Release|Any CPU.ActiveCfg = Release|Any CPU
		{9A8FDD08-B42E-4B1F-8F4D-3CEAE8262ADB}.Release|Any CPU.Build.0 = Release|Any CPU
		{43079D0A-9B86-4C08-984D-5C3731A791BE}.Debug|Any CPU.ActiveCfg = Debug|Any CPU
		{43079D0A-9B86-4C08-984D-5C3731A791BE}.Debug|Any CPU.Build.0 = Debug|Any CPU
		{43079D0A-9B86-4C08-984D-5C3731A791BE}.Release|Any CPU.ActiveCfg = Release|Any CPU
		{43079D0A-9B86-4C08-984D-5C3731A791BE}.Release|Any CPU.Build.0 = Release|Any CPU
		{C974CCDB-1F02-4A3F-A7BB-261E593AF293}.Debug|Any CPU.ActiveCfg = Debug|Any CPU
		{C974CCDB-1F02-4A3F-A7BB-261E593AF293}.Debug|Any CPU.Build.0 = Debug|Any CPU
		{C974CCDB-1F02-4A3F-A7BB-261E593AF293}.Release|Any CPU.ActiveCfg = Release|Any CPU
		{C974CCDB-1F02-4A3F-A7BB-261E593AF293}.Release|Any CPU.Build.0 = Release|Any CPU
	EndGlobalSection
	GlobalSection(SolutionProperties) = preSolution
		HideSolutionNode = FALSE
	EndGlobalSection
	GlobalSection(ExtensibilityGlobals) = postSolution
		SolutionGuid = {EF265FBB-FF09-46CF-88B2-0661A35EDABC}
	EndGlobalSection
EndGlobal
