
Microsoft Visual Studio Solution File, Format Version 12.00
# Visual Studio Version 16
VisualStudioVersion = 25.0.1706.10
MinimumVisualStudioVersion = 10.0.40219.1
Project("{FAE04EC0-301F-11D3-BF4B-00C04F79EFBC}") = "ShapesDrawing", "ShapesDrawing\ShapesDrawing.csproj", "{9F913A12-5844-4557-AA0F-90F0CA2851D5}"
EndProject
Project("{FAE04EC0-301F-11D3-BF4B-00C04F79EFBC}") = "ShapesDrawing.Unit.Tests", "ShapesDrawing.Unit.Tests\ShapesDrawing.Unit.Tests.csproj", "{4B649A7D-C672-45AC-8096-C68DDDF1472D}"
EndProject
Global
	GlobalSection(SolutionConfigurationPlatforms) = preSolution
		Debug|Any CPU = Debug|Any CPU
		Release|Any CPU = Release|Any CPU
	EndGlobalSection
	GlobalSection(ProjectConfigurationPlatforms) = postSolution
		{9F913A12-5844-4557-AA0F-90F0CA2851D5}.Debug|Any CPU.ActiveCfg = Debug|Any CPU
		{9F913A12-5844-4557-AA0F-90F0CA2851D5}.Debug|Any CPU.Build.0 = Debug|Any CPU
		{9F913A12-5844-4557-AA0F-90F0CA2851D5}.Release|Any CPU.ActiveCfg = Release|Any CPU
		{9F913A12-5844-4557-AA0F-90F0CA2851D5}.Release|Any CPU.Build.0 = Release|Any CPU
		{4B649A7D-C672-45AC-8096-C68DDDF1472D}.Debug|Any CPU.ActiveCfg = Debug|Any CPU
		{4B649A7D-C672-45AC-8096-C68DDDF1472D}.Debug|Any CPU.Build.0 = Debug|Any CPU
		{4B649A7D-C672-45AC-8096-C68DDDF1472D}.Release|Any CPU.ActiveCfg = Release|Any CPU
		{4B649A7D-C672-45AC-8096-C68DDDF1472D}.Release|Any CPU.Build.0 = Release|Any CPU
	EndGlobalSection
	GlobalSection(SolutionProperties) = preSolution
		HideSolutionNode = FALSE
	EndGlobalSection
	GlobalSection(ExtensibilityGlobals) = postSolution
		SolutionGuid = {0CEF8AF4-68AF-42CD-B640-5B826BA809B1}
	EndGlobalSection
EndGlobal
