
Microsoft Visual Studio Solution File, Format Version 12.00
# Visual Studio Version 17
VisualStudioVersion = 17.5.002.0
MinimumVisualStudioVersion = 10.0.40219.1
Project("{9A19103F-16F7-4668-BE54-9A1E7A4F7556}") = "bookApi", "bookApi\bookApi.csproj", "{506545DE-5952-4E5C-9343-E2CB2C556AFE}"
EndProject
Global
	GlobalSection(SolutionConfigurationPlatforms) = preSolution
		Debug|Any CPU = Debug|Any CPU
		Release|Any CPU = Release|Any CPU
	EndGlobalSection
	GlobalSection(ProjectConfigurationPlatforms) = postSolution
		{506545DE-5952-4E5C-9343-E2CB2C556AFE}.Debug|Any CPU.ActiveCfg = Debug|Any CPU
		{506545DE-5952-4E5C-9343-E2CB2C556AFE}.Debug|Any CPU.Build.0 = Debug|Any CPU
		{506545DE-5952-4E5C-9343-E2CB2C556AFE}.Release|Any CPU.ActiveCfg = Release|Any CPU
		{506545DE-5952-4E5C-9343-E2CB2C556AFE}.Release|Any CPU.Build.0 = Release|Any CPU
	EndGlobalSection
	GlobalSection(SolutionProperties) = preSolution
		HideSolutionNode = FALSE
	EndGlobalSection
	GlobalSection(ExtensibilityGlobals) = postSolution
		SolutionGuid = {61F957C1-62A4-49C0-B708-DD29A26674AD}
	EndGlobalSection
EndGlobal
