
Microsoft Visual Studio Solution File, Format Version 12.00
# Visual Studio Version 17
VisualStudioVersion = 17.0.31521.260
MinimumVisualStudioVersion = 10.0.40219.1
Project("{2150E333-8FDC-42A3-9474-1A3956D46DE8}") = "FrontEnd", "FrontEnd", "{5D7D01B6-30E0-4552-BE0E-6EE1577B5FA7}"
EndProject
Project("{2150E333-8FDC-42A3-9474-1A3956D46DE8}") = "Services", "Services", "{BE8F341D-1378-4B40-88F9-6901B74F17C3}"
EndProject
Project("{9A19103F-16F7-4668-BE54-9A1E7A4F7556}") = "GameShopping.ProductAPI", "GameShopping.ProductAPI\GameShopping.ProductAPI.csproj", "{85D4039E-9A6D-4472-91FD-60E05EEE3587}"
EndProject
Project("{9A19103F-16F7-4668-BE54-9A1E7A4F7556}") = "GameShopping.IdentityServer", "GameShopping.IdentityServer\GameShopping.IdentityServer.csproj", "{59F64765-2AFF-49BE-80E9-3DFF41F85D22}"
EndProject
Project("{9A19103F-16F7-4668-BE54-9A1E7A4F7556}") = "GameShopping.CartAPI", "GameShopping.CartAPI\GameShopping.CartAPI.csproj", "{FDDB28BA-35E7-4D5B-884D-F5BC0EFE865E}"
EndProject
Project("{9A19103F-16F7-4668-BE54-9A1E7A4F7556}") = "GameShopping.CouponAPI", "GameShopping.CouponAPI\GameShopping.CouponAPI.csproj", "{7CA38823-6C7D-4062-BB0C-8FD65F1E4D6C}"
EndProject
Project("{2150E333-8FDC-42A3-9474-1A3956D46DE8}") = "Integration", "Integration", "{AFF4EE0F-21E6-4FE6-870A-B501F24A6875}"
EndProject
Project("{9A19103F-16F7-4668-BE54-9A1E7A4F7556}") = "GameShopping.MessageBus", "GameShopping.MessageBus\GameShopping.MessageBus.csproj", "{DE6245B3-4C70-47A8-861C-78D8D302174F}"
EndProject
Project("{9A19103F-16F7-4668-BE54-9A1E7A4F7556}") = "GameShopping.OrderAPI", "GameShopping.OrderAPI\GameShopping.OrderAPI.csproj", "{17C19ACC-96DD-4B31-A0AF-D483DB0737C5}"
EndProject
Project("{2150E333-8FDC-42A3-9474-1A3956D46DE8}") = "Payments", "Payments", "{BA6EADF5-49B6-44CD-BE4F-0A730ED02037}"
EndProject
Project("{9A19103F-16F7-4668-BE54-9A1E7A4F7556}") = "GameShopping.PaymentProcessor", "GameShopping.PaymentProcessor\GameShopping.PaymentProcessor.csproj", "{9A3B2721-58F2-44DA-954D-59160655F960}"
EndProject
Project("{9A19103F-16F7-4668-BE54-9A1E7A4F7556}") = "GameShopping.PaymentAPI", "GameShopping.PaymentAPI\GameShopping.PaymentAPI.csproj", "{E548F2CB-C807-44E1-A2FA-AAA3EEAE8000}"
EndProject
Project("{9A19103F-16F7-4668-BE54-9A1E7A4F7556}") = "GameShopping.Email", "GameShopping.Email\GameShopping.Email.csproj", "{B93009E0-4ADC-4CBD-9BAB-D942D279616C}"
EndProject
Project("{2150E333-8FDC-42A3-9474-1A3956D46DE8}") = "Gateway", "Gateway", "{F9420020-17EF-4D55-9DB9-9A00FF60013F}"
EndProject
Project("{9A19103F-16F7-4668-BE54-9A1E7A4F7556}") = "GameShopping.APIGateway", "GameShopping.APIGateway\GameShopping.APIGateway.csproj", "{7F002B42-4EEF-4B40-A16F-9FC29A3DBBFB}"
EndProject
Project("{2150E333-8FDC-42A3-9474-1A3956D46DE8}") = "UnitTests", "UnitTests", "{53637E05-2A56-4741-8AFB-E7315AB028D6}"
EndProject
Project("{9A19103F-16F7-4668-BE54-9A1E7A4F7556}") = "UnitTestProductAPI", "UnitTestProoductAPI\UnitTestProductAPI.csproj", "{4F0BF551-1B58-479D-8857-992B7F473C99}"
EndProject
Project("{9A19103F-16F7-4668-BE54-9A1E7A4F7556}") = "UnitTestCouponAPI", "UnitTestCouponAPI\UnitTestCouponAPI.csproj", "{7042CFE9-BFD1-4381-A92F-36A6B3E13E61}"
EndProject
Project("{9A19103F-16F7-4668-BE54-9A1E7A4F7556}") = "UnitTestCartAPI", "UnitTestCartAPI\UnitTestCartAPI.csproj", "{382E48B0-E778-48CE-94FE-1B597EAD153A}"
EndProject
Project("{9A19103F-16F7-4668-BE54-9A1E7A4F7556}") = "UnitTestEmail", "UnitTestEmail\UnitTestEmail.csproj", "{E109CFB7-CFEA-4E66-A135-C5DE3A475118}"
EndProject
Project("{9A19103F-16F7-4668-BE54-9A1E7A4F7556}") = "UnitTestOrderAPI", "UnitTestOrderAPI\UnitTestOrderAPI.csproj", "{C69C86F9-611B-40B3-A4E6-49BA6639627E}"
EndProject
Project("{9A19103F-16F7-4668-BE54-9A1E7A4F7556}") = "UnitTestPaymentAPI", "UnitTestPaymentAPI\UnitTestPaymentAPI.csproj", "{145438DE-24BD-4623-8C37-2478E268E36F}"
EndProject
Project("{9A19103F-16F7-4668-BE54-9A1E7A4F7556}") = "UnitTestWeb", "UnitTestIdentityServer\UnitTestWeb.csproj", "{103502F9-3B4F-446D-88EC-EA44C268AF84}"
EndProject
Project("{E53339B2-1760-4266-BCC7-CA923CBCF16C}") = "docker-compose", "docker-compose.dcproj", "{C9946F3C-85FE-4CAC-AF4D-2CFA34B69C62}"
EndProject
Project("{9A19103F-16F7-4668-BE54-9A1E7A4F7556}") = "GameShopping.Web", "GameShopping.Web\GameShopping.Web.csproj", "{79650D92-B74B-48CC-A7AB-7DC5B5980848}"
EndProject
Global
	GlobalSection(SolutionConfigurationPlatforms) = preSolution
		Debug|Any CPU = Debug|Any CPU
		Release|Any CPU = Release|Any CPU
	EndGlobalSection
	GlobalSection(ProjectConfigurationPlatforms) = postSolution
		{85D4039E-9A6D-4472-91FD-60E05EEE3587}.Debug|Any CPU.ActiveCfg = Debug|Any CPU
		{85D4039E-9A6D-4472-91FD-60E05EEE3587}.Debug|Any CPU.Build.0 = Debug|Any CPU
		{85D4039E-9A6D-4472-91FD-60E05EEE3587}.Release|Any CPU.ActiveCfg = Release|Any CPU
		{85D4039E-9A6D-4472-91FD-60E05EEE3587}.Release|Any CPU.Build.0 = Release|Any CPU
		{59F64765-2AFF-49BE-80E9-3DFF41F85D22}.Debug|Any CPU.ActiveCfg = Debug|Any CPU
		{59F64765-2AFF-49BE-80E9-3DFF41F85D22}.Debug|Any CPU.Build.0 = Debug|Any CPU
		{59F64765-2AFF-49BE-80E9-3DFF41F85D22}.Release|Any CPU.ActiveCfg = Release|Any CPU
		{59F64765-2AFF-49BE-80E9-3DFF41F85D22}.Release|Any CPU.Build.0 = Release|Any CPU
		{FDDB28BA-35E7-4D5B-884D-F5BC0EFE865E}.Debug|Any CPU.ActiveCfg = Debug|Any CPU
		{FDDB28BA-35E7-4D5B-884D-F5BC0EFE865E}.Debug|Any CPU.Build.0 = Debug|Any CPU
		{FDDB28BA-35E7-4D5B-884D-F5BC0EFE865E}.Release|Any CPU.ActiveCfg = Release|Any CPU
		{FDDB28BA-35E7-4D5B-884D-F5BC0EFE865E}.Release|Any CPU.Build.0 = Release|Any CPU
		{7CA38823-6C7D-4062-BB0C-8FD65F1E4D6C}.Debug|Any CPU.ActiveCfg = Debug|Any CPU
		{7CA38823-6C7D-4062-BB0C-8FD65F1E4D6C}.Debug|Any CPU.Build.0 = Debug|Any CPU
		{7CA38823-6C7D-4062-BB0C-8FD65F1E4D6C}.Release|Any CPU.ActiveCfg = Release|Any CPU
		{7CA38823-6C7D-4062-BB0C-8FD65F1E4D6C}.Release|Any CPU.Build.0 = Release|Any CPU
		{DE6245B3-4C70-47A8-861C-78D8D302174F}.Debug|Any CPU.ActiveCfg = Debug|Any CPU
		{DE6245B3-4C70-47A8-861C-78D8D302174F}.Debug|Any CPU.Build.0 = Debug|Any CPU
		{DE6245B3-4C70-47A8-861C-78D8D302174F}.Release|Any CPU.ActiveCfg = Release|Any CPU
		{DE6245B3-4C70-47A8-861C-78D8D302174F}.Release|Any CPU.Build.0 = Release|Any CPU
		{17C19ACC-96DD-4B31-A0AF-D483DB0737C5}.Debug|Any CPU.ActiveCfg = Debug|Any CPU
		{17C19ACC-96DD-4B31-A0AF-D483DB0737C5}.Debug|Any CPU.Build.0 = Debug|Any CPU
		{17C19ACC-96DD-4B31-A0AF-D483DB0737C5}.Release|Any CPU.ActiveCfg = Release|Any CPU
		{17C19ACC-96DD-4B31-A0AF-D483DB0737C5}.Release|Any CPU.Build.0 = Release|Any CPU
		{9A3B2721-58F2-44DA-954D-59160655F960}.Debug|Any CPU.ActiveCfg = Debug|Any CPU
		{9A3B2721-58F2-44DA-954D-59160655F960}.Debug|Any CPU.Build.0 = Debug|Any CPU
		{9A3B2721-58F2-44DA-954D-59160655F960}.Release|Any CPU.ActiveCfg = Release|Any CPU
		{9A3B2721-58F2-44DA-954D-59160655F960}.Release|Any CPU.Build.0 = Release|Any CPU
		{E548F2CB-C807-44E1-A2FA-AAA3EEAE8000}.Debug|Any CPU.ActiveCfg = Debug|Any CPU
		{E548F2CB-C807-44E1-A2FA-AAA3EEAE8000}.Debug|Any CPU.Build.0 = Debug|Any CPU
		{E548F2CB-C807-44E1-A2FA-AAA3EEAE8000}.Release|Any CPU.ActiveCfg = Release|Any CPU
		{E548F2CB-C807-44E1-A2FA-AAA3EEAE8000}.Release|Any CPU.Build.0 = Release|Any CPU
		{B93009E0-4ADC-4CBD-9BAB-D942D279616C}.Debug|Any CPU.ActiveCfg = Debug|Any CPU
		{B93009E0-4ADC-4CBD-9BAB-D942D279616C}.Debug|Any CPU.Build.0 = Debug|Any CPU
		{B93009E0-4ADC-4CBD-9BAB-D942D279616C}.Release|Any CPU.ActiveCfg = Release|Any CPU
		{B93009E0-4ADC-4CBD-9BAB-D942D279616C}.Release|Any CPU.Build.0 = Release|Any CPU
		{7F002B42-4EEF-4B40-A16F-9FC29A3DBBFB}.Debug|Any CPU.ActiveCfg = Debug|Any CPU
		{7F002B42-4EEF-4B40-A16F-9FC29A3DBBFB}.Debug|Any CPU.Build.0 = Debug|Any CPU
		{7F002B42-4EEF-4B40-A16F-9FC29A3DBBFB}.Release|Any CPU.ActiveCfg = Release|Any CPU
		{7F002B42-4EEF-4B40-A16F-9FC29A3DBBFB}.Release|Any CPU.Build.0 = Release|Any CPU
		{4F0BF551-1B58-479D-8857-992B7F473C99}.Debug|Any CPU.ActiveCfg = Debug|Any CPU
		{4F0BF551-1B58-479D-8857-992B7F473C99}.Debug|Any CPU.Build.0 = Debug|Any CPU
		{4F0BF551-1B58-479D-8857-992B7F473C99}.Release|Any CPU.ActiveCfg = Release|Any CPU
		{4F0BF551-1B58-479D-8857-992B7F473C99}.Release|Any CPU.Build.0 = Release|Any CPU
		{7042CFE9-BFD1-4381-A92F-36A6B3E13E61}.Debug|Any CPU.ActiveCfg = Debug|Any CPU
		{7042CFE9-BFD1-4381-A92F-36A6B3E13E61}.Debug|Any CPU.Build.0 = Debug|Any CPU
		{7042CFE9-BFD1-4381-A92F-36A6B3E13E61}.Release|Any CPU.ActiveCfg = Release|Any CPU
		{7042CFE9-BFD1-4381-A92F-36A6B3E13E61}.Release|Any CPU.Build.0 = Release|Any CPU
		{382E48B0-E778-48CE-94FE-1B597EAD153A}.Debug|Any CPU.ActiveCfg = Debug|Any CPU
		{382E48B0-E778-48CE-94FE-1B597EAD153A}.Debug|Any CPU.Build.0 = Debug|Any CPU
		{382E48B0-E778-48CE-94FE-1B597EAD153A}.Release|Any CPU.ActiveCfg = Release|Any CPU
		{382E48B0-E778-48CE-94FE-1B597EAD153A}.Release|Any CPU.Build.0 = Release|Any CPU
		{E109CFB7-CFEA-4E66-A135-C5DE3A475118}.Debug|Any CPU.ActiveCfg = Debug|Any CPU
		{E109CFB7-CFEA-4E66-A135-C5DE3A475118}.Debug|Any CPU.Build.0 = Debug|Any CPU
		{E109CFB7-CFEA-4E66-A135-C5DE3A475118}.Release|Any CPU.ActiveCfg = Release|Any CPU
		{E109CFB7-CFEA-4E66-A135-C5DE3A475118}.Release|Any CPU.Build.0 = Release|Any CPU
		{C69C86F9-611B-40B3-A4E6-49BA6639627E}.Debug|Any CPU.ActiveCfg = Debug|Any CPU
		{C69C86F9-611B-40B3-A4E6-49BA6639627E}.Debug|Any CPU.Build.0 = Debug|Any CPU
		{C69C86F9-611B-40B3-A4E6-49BA6639627E}.Release|Any CPU.ActiveCfg = Release|Any CPU
		{C69C86F9-611B-40B3-A4E6-49BA6639627E}.Release|Any CPU.Build.0 = Release|Any CPU
		{145438DE-24BD-4623-8C37-2478E268E36F}.Debug|Any CPU.ActiveCfg = Debug|Any CPU
		{145438DE-24BD-4623-8C37-2478E268E36F}.Debug|Any CPU.Build.0 = Debug|Any CPU
		{145438DE-24BD-4623-8C37-2478E268E36F}.Release|Any CPU.ActiveCfg = Release|Any CPU
		{145438DE-24BD-4623-8C37-2478E268E36F}.Release|Any CPU.Build.0 = Release|Any CPU
		{103502F9-3B4F-446D-88EC-EA44C268AF84}.Debug|Any CPU.ActiveCfg = Debug|Any CPU
		{103502F9-3B4F-446D-88EC-EA44C268AF84}.Debug|Any CPU.Build.0 = Debug|Any CPU
		{103502F9-3B4F-446D-88EC-EA44C268AF84}.Release|Any CPU.ActiveCfg = Release|Any CPU
		{103502F9-3B4F-446D-88EC-EA44C268AF84}.Release|Any CPU.Build.0 = Release|Any CPU
		{C9946F3C-85FE-4CAC-AF4D-2CFA34B69C62}.Debug|Any CPU.ActiveCfg = Debug|Any CPU
		{C9946F3C-85FE-4CAC-AF4D-2CFA34B69C62}.Debug|Any CPU.Build.0 = Debug|Any CPU
		{C9946F3C-85FE-4CAC-AF4D-2CFA34B69C62}.Release|Any CPU.ActiveCfg = Release|Any CPU
		{C9946F3C-85FE-4CAC-AF4D-2CFA34B69C62}.Release|Any CPU.Build.0 = Release|Any CPU
		{79650D92-B74B-48CC-A7AB-7DC5B5980848}.Debug|Any CPU.ActiveCfg = Release|Any CPU
		{79650D92-B74B-48CC-A7AB-7DC5B5980848}.Debug|Any CPU.Build.0 = Release|Any CPU
		{79650D92-B74B-48CC-A7AB-7DC5B5980848}.Release|Any CPU.ActiveCfg = Release|Any CPU
		{79650D92-B74B-48CC-A7AB-7DC5B5980848}.Release|Any CPU.Build.0 = Release|Any CPU
	EndGlobalSection
	GlobalSection(SolutionProperties) = preSolution
		HideSolutionNode = FALSE
	EndGlobalSection
	GlobalSection(NestedProjects) = preSolution
		{85D4039E-9A6D-4472-91FD-60E05EEE3587} = {BE8F341D-1378-4B40-88F9-6901B74F17C3}
		{59F64765-2AFF-49BE-80E9-3DFF41F85D22} = {BE8F341D-1378-4B40-88F9-6901B74F17C3}
		{FDDB28BA-35E7-4D5B-884D-F5BC0EFE865E} = {BE8F341D-1378-4B40-88F9-6901B74F17C3}
		{7CA38823-6C7D-4062-BB0C-8FD65F1E4D6C} = {BE8F341D-1378-4B40-88F9-6901B74F17C3}
		{DE6245B3-4C70-47A8-861C-78D8D302174F} = {AFF4EE0F-21E6-4FE6-870A-B501F24A6875}
		{17C19ACC-96DD-4B31-A0AF-D483DB0737C5} = {BE8F341D-1378-4B40-88F9-6901B74F17C3}
		{9A3B2721-58F2-44DA-954D-59160655F960} = {BA6EADF5-49B6-44CD-BE4F-0A730ED02037}
		{E548F2CB-C807-44E1-A2FA-AAA3EEAE8000} = {BE8F341D-1378-4B40-88F9-6901B74F17C3}
		{B93009E0-4ADC-4CBD-9BAB-D942D279616C} = {BE8F341D-1378-4B40-88F9-6901B74F17C3}
		{7F002B42-4EEF-4B40-A16F-9FC29A3DBBFB} = {F9420020-17EF-4D55-9DB9-9A00FF60013F}
		{4F0BF551-1B58-479D-8857-992B7F473C99} = {53637E05-2A56-4741-8AFB-E7315AB028D6}
		{7042CFE9-BFD1-4381-A92F-36A6B3E13E61} = {53637E05-2A56-4741-8AFB-E7315AB028D6}
		{382E48B0-E778-48CE-94FE-1B597EAD153A} = {53637E05-2A56-4741-8AFB-E7315AB028D6}
		{E109CFB7-CFEA-4E66-A135-C5DE3A475118} = {53637E05-2A56-4741-8AFB-E7315AB028D6}
		{C69C86F9-611B-40B3-A4E6-49BA6639627E} = {53637E05-2A56-4741-8AFB-E7315AB028D6}
		{145438DE-24BD-4623-8C37-2478E268E36F} = {53637E05-2A56-4741-8AFB-E7315AB028D6}
		{103502F9-3B4F-446D-88EC-EA44C268AF84} = {53637E05-2A56-4741-8AFB-E7315AB028D6}
		{79650D92-B74B-48CC-A7AB-7DC5B5980848} = {5D7D01B6-30E0-4552-BE0E-6EE1577B5FA7}
	EndGlobalSection
	GlobalSection(ExtensibilityGlobals) = postSolution
		SolutionGuid = {44782F14-DB85-4BF3-BFEA-254F451A02FA}
	EndGlobalSection
EndGlobal
